<?xml version="1.0" encoding="utf-8"?>
<Project ToolsVersion="4.0" xmlns="http://schemas.microsoft.com/developer/msbuild/2003">
  <ItemGroup>
    <Filter Include="Source Files">
      <UniqueIdentifier>{4FC737F1-C7A5-4376-A066-2A32D752A2FF}</UniqueIdentifier>
      <Extensions>cpp;c;cc;cxx;c++;def;odl;idl;hpj;bat;asm;asmx</Extensions>
    </Filter>
    <Filter Include="Header Files">
      <UniqueIdentifier>{93995380-89BD-4b04-88EB-625FBE52EBFB}</UniqueIdentifier>
      <Extensions>h;hh;hpp;hxx;h++;hm;inl;inc;ipp;xsd</Extensions>
    </Filter>
    <Filter Include="Resource Files">
      <UniqueIdentifier>{67DA6AB6-F800-4c08-8B7A-83BB121AAD01}</UniqueIdentifier>
      <Extensions>rc;ico;cur;bmp;dlg;rc2;rct;bin;rgs;gif;jpg;jpeg;jpe;resx;tiff;tif;png;wav;mfcribbon-ms</Extensions>
    </Filter>
    <Filter Include="Source Files\Math">
      <UniqueIdentifier>{8cb4e14f-e409-4ef5-bb4b-28be90f9777e}</UniqueIdentifier>
    </Filter>
    <Filter Include="Header Files\Math">
      <UniqueIdentifier>{b3f17c53-8568-4966-8e20-5d5e2ecfdab7}</UniqueIdentifier>
    </Filter>
    <Filter Include="Source Files\Testing">
      <UniqueIdentifier>{b2994e4d-3df3-48e8-910e-21fd8b440ad1}</UniqueIdentifier>
    </Filter>
    <Filter Include="Header Files\Testing">
      <UniqueIdentifier>{7f80b9ff-e612-483b-a290-6dea089bb62a}</UniqueIdentifier>
    </Filter>
    <Filter Include="Header Files\Graphics">
      <UniqueIdentifier>{09868065-b3f1-4bcc-9e61-562f6aa17864}</UniqueIdentifier>
    </Filter>
    <Filter Include="Source Files\Graphics">
      <UniqueIdentifier>{fbade6a5-3080-43af-9053-1299f7385951}</UniqueIdentifier>
    </Filter>
    <Filter Include="Header Files\Objects">
      <UniqueIdentifier>{6d5cb87a-d5c1-44a6-97d1-8d52039ef4ac}</UniqueIdentifier>
    </Filter>
    <Filter Include="Source Files\Objects">
      <UniqueIdentifier>{36cdbe46-b15a-4538-a2c5-9fc883935b39}</UniqueIdentifier>
    </Filter>
    <Filter Include="Header Files\Objects\Primitives">
      <UniqueIdentifier>{755915eb-e2f5-4fab-98c0-a44c613be574}</UniqueIdentifier>
    </Filter>
    <Filter Include="Source Files\Objects\Primitives">
      <UniqueIdentifier>{c62a46f9-f281-4196-857a-af4acfaa124d}</UniqueIdentifier>
    </Filter>
    <Filter Include="Header Files\Objects\Pattern">
      <UniqueIdentifier>{a62314db-1831-4ab9-ba0d-bf505e62a9a5}</UniqueIdentifier>
    </Filter>
    <Filter Include="Source Files\Objects\Pattern">
      <UniqueIdentifier>{5184a84c-77c5-4007-babb-a8ddd7f950f4}</UniqueIdentifier>
    </Filter>
  </ItemGroup>
  <ItemGroup>
    <ClCompile Include="Tuple.cpp">
      <Filter>Source Files\Math</Filter>
    </ClCompile>
    <ClCompile Include="Main.cpp">
      <Filter>Source Files</Filter>
    </ClCompile>
    <ClCompile Include="Point.cpp">
      <Filter>Source Files\Math</Filter>
    </ClCompile>
    <ClCompile Include="Vector.cpp">
      <Filter>Source Files\Math</Filter>
    </ClCompile>
    <ClCompile Include="Projectile.cpp">
      <Filter>Source Files\Testing</Filter>
    </ClCompile>
    <ClCompile Include="Environment.cpp">
      <Filter>Source Files\Testing</Filter>
    </ClCompile>
    <ClCompile Include="Color.cpp">
      <Filter>Source Files\Math</Filter>
    </ClCompile>
    <ClCompile Include="Canvas.cpp">
      <Filter>Source Files\Graphics</Filter>
    </ClCompile>
    <ClCompile Include="PPMWriter.cpp">
      <Filter>Source Files\Graphics</Filter>
    </ClCompile>
    <ClCompile Include="Matrix.cpp">
      <Filter>Source Files\Math</Filter>
    </ClCompile>
    <ClCompile Include="Ray.cpp">
      <Filter>Source Files\Math</Filter>
    </ClCompile>
    <ClCompile Include="Intersection.cpp">
      <Filter>Source Files\Objects</Filter>
    </ClCompile>
    <ClCompile Include="Intersections.cpp">
      <Filter>Source Files\Objects</Filter>
    </ClCompile>
    <ClCompile Include="PointLight.cpp">
      <Filter>Source Files\Objects</Filter>
    </ClCompile>
    <ClCompile Include="Material.cpp">
      <Filter>Source Files\Objects</Filter>
    </ClCompile>
    <ClCompile Include="World.cpp">
      <Filter>Source Files\Objects</Filter>
    </ClCompile>
    <ClCompile Include="IntersectionComputations.cpp">
      <Filter>Source Files\Objects</Filter>
    </ClCompile>
    <ClCompile Include="Camera.cpp">
      <Filter>Source Files\Objects</Filter>
    </ClCompile>
    <ClCompile Include="Sphere.cpp">
      <Filter>Source Files\Objects\Primitives</Filter>
    </ClCompile>
    <ClCompile Include="Hitable.cpp">
      <Filter>Source Files\Objects\Primitives</Filter>
    </ClCompile>
    <ClCompile Include="TestObject.cpp">
      <Filter>Source Files\Objects\Primitives</Filter>
    </ClCompile>
    <ClCompile Include="Plane.cpp">
      <Filter>Source Files\Objects\Primitives</Filter>
    </ClCompile>
    <ClCompile Include="Pattern.cpp">
      <Filter>Source Files\Objects\Pattern</Filter>
    </ClCompile>
    <ClCompile Include="StripePattern.cpp">
      <Filter>Source Files\Objects\Pattern</Filter>
    </ClCompile>
    <ClCompile Include="GradientPattern.cpp">
      <Filter>Source Files\Objects\Pattern</Filter>
    </ClCompile>
    <ClCompile Include="RingPattern.cpp">
      <Filter>Source Files\Objects\Pattern</Filter>
    </ClCompile>
    <ClCompile Include="CheckersPattern.cpp">
      <Filter>Source Files\Objects\Pattern</Filter>
    </ClCompile>
    <ClCompile Include="RadialGradientPattern.cpp">
      <Filter>Source Files\Objects\Pattern</Filter>
    </ClCompile>
    <ClCompile Include="BlendedPattern.cpp">
      <Filter>Source Files\Objects\Pattern</Filter>
    </ClCompile>
    <ClCompile Include="SolidColorPattern.cpp">
      <Filter>Source Files\Objects\Pattern</Filter>
    </ClCompile>
    <ClCompile Include="Cube.cpp">
      <Filter>Source Files\Objects\Primitives</Filter>
    </ClCompile>
    <ClCompile Include="Cylinder.cpp">
      <Filter>Source Files\Objects\Primitives</Filter>
    </ClCompile>
    <ClCompile Include="Cone.cpp">
      <Filter>Source Files\Objects\Primitives</Filter>
    </ClCompile>
  </ItemGroup>
  <ItemGroup>
    <ClInclude Include="Tuple.h">
      <Filter>Header Files\Math</Filter>
    </ClInclude>
    <ClInclude Include="Point.h">
      <Filter>Header Files\Math</Filter>
    </ClInclude>
    <ClInclude Include="Vector.h">
      <Filter>Header Files\Math</Filter>
    </ClInclude>
    <ClInclude Include="Constants.h">
      <Filter>Header Files</Filter>
    </ClInclude>
    <ClInclude Include="MathToolbox.h">
      <Filter>Header Files\Math</Filter>
    </ClInclude>
    <ClInclude Include="Projectile.h">
      <Filter>Header Files\Testing</Filter>
    </ClInclude>
    <ClInclude Include="Environment.h">
      <Filter>Header Files\Testing</Filter>
    </ClInclude>
    <ClInclude Include="Color.h">
      <Filter>Header Files\Math</Filter>
    </ClInclude>
    <ClInclude Include="Canvas.h">
      <Filter>Header Files\Graphics</Filter>
    </ClInclude>
    <ClInclude Include="PPMWriter.h">
      <Filter>Header Files\Graphics</Filter>
    </ClInclude>
    <ClInclude Include="Matrix.h">
      <Filter>Header Files\Math</Filter>
    </ClInclude>
    <ClInclude Include="Ray.h">
      <Filter>Header Files\Math</Filter>
    </ClInclude>
    <ClInclude Include="Intersection.h">
      <Filter>Header Files\Objects</Filter>
    </ClInclude>
    <ClInclude Include="Intersections.h">
      <Filter>Header Files\Objects</Filter>
    </ClInclude>
    <ClInclude Include="PointLight.h">
      <Filter>Header Files\Objects</Filter>
    </ClInclude>
    <ClInclude Include="Material.h">
      <Filter>Header Files\Objects</Filter>
    </ClInclude>
    <ClInclude Include="World.h">
      <Filter>Header Files\Objects</Filter>
    </ClInclude>
    <ClInclude Include="IntersectionComputations.h">
      <Filter>Header Files\Objects</Filter>
    </ClInclude>
    <ClInclude Include="Camera.h">
      <Filter>Header Files\Objects</Filter>
    </ClInclude>
    <ClInclude Include="Sphere.h">
      <Filter>Header Files\Objects\Primitives</Filter>
    </ClInclude>
    <ClInclude Include="Hitable.h">
      <Filter>Header Files\Objects\Primitives</Filter>
    </ClInclude>
    <ClInclude Include="TestObject.h">
      <Filter>Header Files\Objects\Primitives</Filter>
    </ClInclude>
    <ClInclude Include="Plane.h">
      <Filter>Header Files\Objects\Primitives</Filter>
    </ClInclude>
    <ClInclude Include="Pattern.h">
      <Filter>Header Files\Objects\Pattern</Filter>
    </ClInclude>
    <ClInclude Include="StripePattern.h">
      <Filter>Header Files\Objects\Pattern</Filter>
    </ClInclude>
    <ClInclude Include="GradientPattern.h">
      <Filter>Header Files\Objects\Pattern</Filter>
    </ClInclude>
    <ClInclude Include="RingPattern.h">
      <Filter>Header Files\Objects\Pattern</Filter>
    </ClInclude>
    <ClInclude Include="CheckersPattern.h">
      <Filter>Header Files\Objects\Pattern</Filter>
    </ClInclude>
    <ClInclude Include="RadialGradientPattern.h">
      <Filter>Header Files\Objects\Pattern</Filter>
    </ClInclude>
    <ClInclude Include="BlendedPattern.h">
      <Filter>Header Files\Objects\Pattern</Filter>
    </ClInclude>
    <ClInclude Include="SolidColorPattern.h">
      <Filter>Header Files\Objects\Pattern</Filter>
    </ClInclude>
    <ClInclude Include="Cube.h">
      <Filter>Header Files\Objects\Primitives</Filter>
    </ClInclude>
    <ClInclude Include="Cylinder.h">
      <Filter>Header Files\Objects\Primitives</Filter>
    </ClInclude>
    <ClInclude Include="Cone.h">
      <Filter>Header Files\Objects\Primitives</Filter>
    </ClInclude>
  </ItemGroup>
</Project>